
Microsoft Visual Studio Solution File, Format Version 12.00
# Visual Studio Version 17
VisualStudioVersion = 17.7.34031.279
MinimumVisualStudioVersion = 10.0.40219.1
Project("{9A19103F-16F7-4668-BE54-9A1E7A4F7556}") = "APILHS", "APILHS.csproj", "{92A593B9-9A32-49B0-BDB5-EF70630D56B5}"
EndProject
Project("{9A19103F-16F7-4668-BE54-9A1E7A4F7556}") = "APILHS.MODELS", "..\APILHS.MODELS\APILHS.MODELS.csproj", "{EACD2251-8872-4C5D-A5EE-B216CEEB8D24}"
EndProject
Project("{9A19103F-16F7-4668-BE54-9A1E7A4F7556}") = "APILHS.DATA", "..\APILHS.DATA\APILHS.DATA.csproj", "{65968CBC-B258-4843-B9A0-E34969881546}"
EndProject
Project("{FAE04EC0-301F-11D3-BF4B-00C04F79EFBC}") = "Microservicios", "..\Microservicios\Microservicios.csproj", "{98DDA271-055E-4F5B-B008-4D653FEE5AA6}"
EndProject
Global
	GlobalSection(SolutionConfigurationPlatforms) = preSolution
		Debug|Any CPU = Debug|Any CPU
		Release|Any CPU = Release|Any CPU
	EndGlobalSection
	GlobalSection(ProjectConfigurationPlatforms) = postSolution
		{92A593B9-9A32-49B0-BDB5-EF70630D56B5}.Debug|Any CPU.ActiveCfg = Debug|Any CPU
		{92A593B9-9A32-49B0-BDB5-EF70630D56B5}.Debug|Any CPU.Build.0 = Debug|Any CPU
		{92A593B9-9A32-49B0-BDB5-EF70630D56B5}.Release|Any CPU.ActiveCfg = Release|Any CPU
		{92A593B9-9A32-49B0-BDB5-EF70630D56B5}.Release|Any CPU.Build.0 = Release|Any CPU
		{EACD2251-8872-4C5D-A5EE-B216CEEB8D24}.Debug|Any CPU.ActiveCfg = Debug|Any CPU
		{EACD2251-8872-4C5D-A5EE-B216CEEB8D24}.Debug|Any CPU.Build.0 = Debug|Any CPU
		{EACD2251-8872-4C5D-A5EE-B216CEEB8D24}.Release|Any CPU.ActiveCfg = Release|Any CPU
		{EACD2251-8872-4C5D-A5EE-B216CEEB8D24}.Release|Any CPU.Build.0 = Release|Any CPU
		{65968CBC-B258-4843-B9A0-E34969881546}.Debug|Any CPU.ActiveCfg = Debug|Any CPU
		{65968CBC-B258-4843-B9A0-E34969881546}.Debug|Any CPU.Build.0 = Debug|Any CPU
		{65968CBC-B258-4843-B9A0-E34969881546}.Release|Any CPU.ActiveCfg = Release|Any CPU
		{65968CBC-B258-4843-B9A0-E34969881546}.Release|Any CPU.Build.0 = Release|Any CPU
		{98DDA271-055E-4F5B-B008-4D653FEE5AA6}.Debug|Any CPU.ActiveCfg = Debug|Any CPU
		{98DDA271-055E-4F5B-B008-4D653FEE5AA6}.Debug|Any CPU.Build.0 = Debug|Any CPU
		{98DDA271-055E-4F5B-B008-4D653FEE5AA6}.Release|Any CPU.ActiveCfg = Release|Any CPU
		{98DDA271-055E-4F5B-B008-4D653FEE5AA6}.Release|Any CPU.Build.0 = Release|Any CPU
	EndGlobalSection
	GlobalSection(SolutionProperties) = preSolution
		HideSolutionNode = FALSE
	EndGlobalSection
	GlobalSection(ExtensibilityGlobals) = postSolution
		SolutionGuid = {3130A5B2-D4C4-4BAF-903B-0A4761D5A6EE}
	EndGlobalSection
EndGlobal
